
Microsoft Visual Studio Solution File, Format Version 12.00
# Visual Studio 15
VisualStudioVersion = 15.0.28010.2046
MinimumVisualStudioVersion = 10.0.40219.1
Project("{FAE04EC0-301F-11D3-BF4B-00C04F79EFBC}") = "Task2", "Task2\Task2.csproj", "{FC36DCA6-0DA9-4073-B26E-E7F51E3E83F6}"
EndProject
Project("{FAE04EC0-301F-11D3-BF4B-00C04F79EFBC}") = "Task1", "Task1\Task1.csproj", "{55DD88F7-966C-4859-9218-D8C3A01A6943}"
EndProject
Global
	GlobalSection(SolutionConfigurationPlatforms) = preSolution
		Debug|Any CPU = Debug|Any CPU
		Release|Any CPU = Release|Any CPU
	EndGlobalSection
	GlobalSection(ProjectConfigurationPlatforms) = postSolution
		{FC36DCA6-0DA9-4073-B26E-E7F51E3E83F6}.Debug|Any CPU.ActiveCfg = Debug|Any CPU
		{FC36DCA6-0DA9-4073-B26E-E7F51E3E83F6}.Debug|Any CPU.Build.0 = Debug|Any CPU
		{FC36DCA6-0DA9-4073-B26E-E7F51E3E83F6}.Release|Any CPU.ActiveCfg = Release|Any CPU
		{FC36DCA6-0DA9-4073-B26E-E7F51E3E83F6}.Release|Any CPU.Build.0 = Release|Any CPU
		{55DD88F7-966C-4859-9218-D8C3A01A6943}.Debug|Any CPU.ActiveCfg = Debug|Any CPU
		{55DD88F7-966C-4859-9218-D8C3A01A6943}.Debug|Any CPU.Build.0 = Debug|Any CPU
		{55DD88F7-966C-4859-9218-D8C3A01A6943}.Release|Any CPU.ActiveCfg = Release|Any CPU
		{55DD88F7-966C-4859-9218-D8C3A01A6943}.Release|Any CPU.Build.0 = Release|Any CPU
	EndGlobalSection
	GlobalSection(SolutionProperties) = preSolution
		HideSolutionNode = FALSE
	EndGlobalSection
	GlobalSection(ExtensibilityGlobals) = postSolution
		SolutionGuid = {F2AC5C85-35A6-4CDD-BF2C-AF68B382680E}
	EndGlobalSection
EndGlobal
